
Microsoft Visual Studio Solution File, Format Version 12.00
# Visual Studio 2015
Project("{FAE04EC0-301F-11D3-BF4B-00C04F79EFBC}") = "CS", "CS.csproj", "{EDD40C64-B753-FDE1-EFC4-E05892965FC3}"
EndProject
Project("{FAE04EC0-301F-11D3-BF4B-00C04F79EFBC}") = "CS.Editor", "CS.Editor.csproj", "{C892FB0A-B301-7890-BBEE-A8E28AC84758}"
EndProject
Global
	GlobalSection(SolutionConfigurationPlatforms) = preSolution
		Debug|Any CPU = Debug|Any CPU
		Release|Any CPU = Release|Any CPU
	EndGlobalSection
	GlobalSection(ProjectConfigurationPlatforms) = postSolution
		{EDD40C64-B753-FDE1-EFC4-E05892965FC3}.Debug|Any CPU.ActiveCfg = Debug|Any CPU
		{EDD40C64-B753-FDE1-EFC4-E05892965FC3}.Debug|Any CPU.Build.0 = Debug|Any CPU
		{EDD40C64-B753-FDE1-EFC4-E05892965FC3}.Release|Any CPU.ActiveCfg = Release|Any CPU
		{EDD40C64-B753-FDE1-EFC4-E05892965FC3}.Release|Any CPU.Build.0 = Release|Any CPU
		{C892FB0A-B301-7890-BBEE-A8E28AC84758}.Debug|Any CPU.ActiveCfg = Debug|Any CPU
		{C892FB0A-B301-7890-BBEE-A8E28AC84758}.Debug|Any CPU.Build.0 = Debug|Any CPU
		{C892FB0A-B301-7890-BBEE-A8E28AC84758}.Release|Any CPU.ActiveCfg = Release|Any CPU
		{C892FB0A-B301-7890-BBEE-A8E28AC84758}.Release|Any CPU.Build.0 = Release|Any CPU
	EndGlobalSection
	GlobalSection(SolutionProperties) = preSolution
		HideSolutionNode = FALSE
	EndGlobalSection
EndGlobal
